
Microsoft Visual Studio Solution File, Format Version 12.00
# Visual Studio Version 17
VisualStudioVersion = 17.4.33122.133
MinimumVisualStudioVersion = 10.0.40219.1
Project("{FAE04EC0-301F-11D3-BF4B-00C04F79EFBC}") = "ModelEntityDB", "ModelEntityDB.csproj", "{C1BBFB42-F617-46D3-9E2B-855F2C52C3EE}"
EndProject
Global
	GlobalSection(SolutionConfigurationPlatforms) = preSolution
		Debug|Any CPU = Debug|Any CPU
		Release|Any CPU = Release|Any CPU
	EndGlobalSection
	GlobalSection(ProjectConfigurationPlatforms) = postSolution
		{C1BBFB42-F617-46D3-9E2B-855F2C52C3EE}.Debug|Any CPU.ActiveCfg = Debug|Any CPU
		{C1BBFB42-F617-46D3-9E2B-855F2C52C3EE}.Debug|Any CPU.Build.0 = Debug|Any CPU
		{C1BBFB42-F617-46D3-9E2B-855F2C52C3EE}.Release|Any CPU.ActiveCfg = Release|Any CPU
		{C1BBFB42-F617-46D3-9E2B-855F2C52C3EE}.Release|Any CPU.Build.0 = Release|Any CPU
	EndGlobalSection
	GlobalSection(SolutionProperties) = preSolution
		HideSolutionNode = FALSE
	EndGlobalSection
	GlobalSection(ExtensibilityGlobals) = postSolution
		SolutionGuid = {5E02909B-3DB7-4D6E-9613-2CCD1912EB06}
	EndGlobalSection
EndGlobal
